
Microsoft Visual Studio Solution File, Format Version 12.00
# Visual Studio 15
VisualStudioVersion = 15.0.28010.2016
MinimumVisualStudioVersion = 10.0.40219.1
Project("{FAE04EC0-301F-11D3-BF4B-00C04F79EFBC}") = "DoubanAPI", "DoubanAPI\DoubanAPI.csproj", "{3E98D9F3-F0DB-41A7-893D-DC07E3517B69}"
EndProject
Project("{FAE04EC0-301F-11D3-BF4B-00C04F79EFBC}") = "MyWebAPI", "MyWebAPI\MyWebAPI.csproj", "{77626C8D-1067-40A6-81C0-4CA64F7B6CCC}"
EndProject
Project("{FAE04EC0-301F-11D3-BF4B-00C04F79EFBC}") = "CommonMethod", "ClassLibrary1\CommonMethod.csproj", "{FF3173FE-260D-4219-A9A0-520423C85B7A}"
EndProject
Global
	GlobalSection(SolutionConfigurationPlatforms) = preSolution
		Debug|Any CPU = Debug|Any CPU
		Release|Any CPU = Release|Any CPU
	EndGlobalSection
	GlobalSection(ProjectConfigurationPlatforms) = postSolution
		{3E98D9F3-F0DB-41A7-893D-DC07E3517B69}.Debug|Any CPU.ActiveCfg = Debug|Any CPU
		{3E98D9F3-F0DB-41A7-893D-DC07E3517B69}.Debug|Any CPU.Build.0 = Debug|Any CPU
		{3E98D9F3-F0DB-41A7-893D-DC07E3517B69}.Release|Any CPU.ActiveCfg = Release|Any CPU
		{3E98D9F3-F0DB-41A7-893D-DC07E3517B69}.Release|Any CPU.Build.0 = Release|Any CPU
		{77626C8D-1067-40A6-81C0-4CA64F7B6CCC}.Debug|Any CPU.ActiveCfg = Debug|Any CPU
		{77626C8D-1067-40A6-81C0-4CA64F7B6CCC}.Debug|Any CPU.Build.0 = Debug|Any CPU
		{77626C8D-1067-40A6-81C0-4CA64F7B6CCC}.Release|Any CPU.ActiveCfg = Release|Any CPU
		{77626C8D-1067-40A6-81C0-4CA64F7B6CCC}.Release|Any CPU.Build.0 = Release|Any CPU
		{FF3173FE-260D-4219-A9A0-520423C85B7A}.Debug|Any CPU.ActiveCfg = Debug|Any CPU
		{FF3173FE-260D-4219-A9A0-520423C85B7A}.Debug|Any CPU.Build.0 = Debug|Any CPU
		{FF3173FE-260D-4219-A9A0-520423C85B7A}.Release|Any CPU.ActiveCfg = Release|Any CPU
		{FF3173FE-260D-4219-A9A0-520423C85B7A}.Release|Any CPU.Build.0 = Release|Any CPU
	EndGlobalSection
	GlobalSection(SolutionProperties) = preSolution
		HideSolutionNode = FALSE
	EndGlobalSection
	GlobalSection(ExtensibilityGlobals) = postSolution
		SolutionGuid = {DC9B12F0-F473-4BA9-AB2D-90EF4E18AFA9}
	EndGlobalSection
EndGlobal
