
Microsoft Visual Studio Solution File, Format Version 12.00
# Visual Studio 15
VisualStudioVersion = 15.0.28010.2016
MinimumVisualStudioVersion = 10.0.40219.1
Project("{9A19103F-16F7-4668-BE54-9A1E7A4F7556}") = "MyWebAPI", "MyWebAPI\MyWebAPI.csproj", "{77626C8D-1067-40A6-81C0-4CA64F7B6CCC}"
EndProject
Project("{FAE04EC0-301F-11D3-BF4B-00C04F79EFBC}") = "MangoMovie", "MangoMovie\MangoMovie.csproj", "{C1BF6A54-40F8-4112-A9A6-7CB66BFD6E32}"
EndProject
Project("{FAE04EC0-301F-11D3-BF4B-00C04F79EFBC}") = "ConsoleApp", "ConsoleApp\ConsoleApp.csproj", "{2CA16331-8205-4D7D-ABED-D4ECFB2CC38C}"
EndProject
Project("{FAE04EC0-301F-11D3-BF4B-00C04F79EFBC}") = "HttpHellper", "HttpHellper\HttpHellper.csproj", "{CB624FF6-EAFF-4CC7-9ECB-1680D9E212C5}"
EndProject
Project("{FAE04EC0-301F-11D3-BF4B-00C04F79EFBC}") = "CommFunc", "CommFunc\CommFunc.csproj", "{9ABC3CE5-1B90-4259-82B3-940791C303ED}"
EndProject
Global
	GlobalSection(SolutionConfigurationPlatforms) = preSolution
		Debug|Any CPU = Debug|Any CPU
		Release|Any CPU = Release|Any CPU
	EndGlobalSection
	GlobalSection(ProjectConfigurationPlatforms) = postSolution
		{77626C8D-1067-40A6-81C0-4CA64F7B6CCC}.Debug|Any CPU.ActiveCfg = Debug|Any CPU
		{77626C8D-1067-40A6-81C0-4CA64F7B6CCC}.Debug|Any CPU.Build.0 = Debug|Any CPU
		{77626C8D-1067-40A6-81C0-4CA64F7B6CCC}.Release|Any CPU.ActiveCfg = Release|Any CPU
		{77626C8D-1067-40A6-81C0-4CA64F7B6CCC}.Release|Any CPU.Build.0 = Release|Any CPU
		{C1BF6A54-40F8-4112-A9A6-7CB66BFD6E32}.Debug|Any CPU.ActiveCfg = Debug|Any CPU
		{C1BF6A54-40F8-4112-A9A6-7CB66BFD6E32}.Debug|Any CPU.Build.0 = Debug|Any CPU
		{C1BF6A54-40F8-4112-A9A6-7CB66BFD6E32}.Release|Any CPU.ActiveCfg = Release|Any CPU
		{C1BF6A54-40F8-4112-A9A6-7CB66BFD6E32}.Release|Any CPU.Build.0 = Release|Any CPU
		{2CA16331-8205-4D7D-ABED-D4ECFB2CC38C}.Debug|Any CPU.ActiveCfg = Debug|Any CPU
		{2CA16331-8205-4D7D-ABED-D4ECFB2CC38C}.Debug|Any CPU.Build.0 = Debug|Any CPU
		{2CA16331-8205-4D7D-ABED-D4ECFB2CC38C}.Release|Any CPU.ActiveCfg = Release|Any CPU
		{2CA16331-8205-4D7D-ABED-D4ECFB2CC38C}.Release|Any CPU.Build.0 = Release|Any CPU
		{CB624FF6-EAFF-4CC7-9ECB-1680D9E212C5}.Debug|Any CPU.ActiveCfg = Debug|Any CPU
		{CB624FF6-EAFF-4CC7-9ECB-1680D9E212C5}.Debug|Any CPU.Build.0 = Debug|Any CPU
		{CB624FF6-EAFF-4CC7-9ECB-1680D9E212C5}.Release|Any CPU.ActiveCfg = Release|Any CPU
		{CB624FF6-EAFF-4CC7-9ECB-1680D9E212C5}.Release|Any CPU.Build.0 = Release|Any CPU
		{9ABC3CE5-1B90-4259-82B3-940791C303ED}.Debug|Any CPU.ActiveCfg = Debug|Any CPU
		{9ABC3CE5-1B90-4259-82B3-940791C303ED}.Debug|Any CPU.Build.0 = Debug|Any CPU
		{9ABC3CE5-1B90-4259-82B3-940791C303ED}.Release|Any CPU.ActiveCfg = Release|Any CPU
		{9ABC3CE5-1B90-4259-82B3-940791C303ED}.Release|Any CPU.Build.0 = Release|Any CPU
	EndGlobalSection
	GlobalSection(SolutionProperties) = preSolution
		HideSolutionNode = FALSE
	EndGlobalSection
	GlobalSection(ExtensibilityGlobals) = postSolution
		SolutionGuid = {DC9B12F0-F473-4BA9-AB2D-90EF4E18AFA9}
	EndGlobalSection
EndGlobal
